# This file is autogenerated, do not edit; changes may be undone by the next 'dep ensure'.


[[projects]]
  branch = "master"
  name = "github.com/alecthomas/template"
  packages = [
    ".",
    "parse"
  ]
  revision = "a0175ee3bccc567396460bf5acd36800cb10c49c"

[[projects]]
  branch = "master"
  name = "github.com/alecthomas/units"
  packages = ["."]
  revision = "2efee857e7cfd4f3d0138cc3cbb1b4966962b93a"

[[projects]]
  branch = "master"
  name = "github.com/corpix/uarand"
  packages = ["."]
  revision = "2b8494104d86337cdd41d0a49cbed8e4583c0ab4"

[[projects]]
  name = "github.com/go-ini/ini"
  packages = ["."]
  revision = "5cf292cae48347c2490ac1a58fe36735fb78df7e"
  version = "v1.38.2"

[[projects]]
  name = "github.com/go-sql-driver/mysql"
  packages = ["."]
  revision = "d523deb1b23d913de5bdada721a6071e71283618"
  version = "v1.4.0"

[[projects]]
  branch = "master"
  name = "github.com/gosuri/uilive"
  packages = ["."]
  revision = "ac356e6e42cd31fcef8e6aec13ae9ed6fe87713e"

[[projects]]
  branch = "master"
  name = "github.com/gosuri/uiprogress"
  packages = [
    ".",
    "util/strutil"
  ]
  revision = "d0567a9d84a1c40dd7568115ea66f4887bf57b33"

[[projects]]
  name = "github.com/hashicorp/go-version"
  packages = ["."]
  revision = "b5a281d3160aa11950a6182bd9a9dc2cb1e02d50"
  version = "v1.0.0"

[[projects]]
  branch = "master"
  name = "github.com/icrowley/fake"
  packages = ["."]
  revision = "4178557ae428460c3780a381c824a1f3aceb6325"

[[projects]]
  name = "github.com/kr/pretty"
  packages = ["."]
  revision = "73f6ac0b30a98e433b289500d779f50c1a6f0712"
  version = "v0.1.0"

[[projects]]
  name = "github.com/kr/text"
  packages = ["."]
  revision = "e2ffdb16a802fe2bb95e2e35ff34f0e53aeef34f"
  version = "v0.1.0"

[[projects]]
  name = "github.com/mattn/go-isatty"
  packages = ["."]
  revision = "6ca4dbf54d38eea1a992b3c722a76a5d1c4cb25c"
  version = "v0.0.4"

[[projects]]
  name = "github.com/pkg/errors"
  packages = ["."]
  revision = "645ef00459ed84a119197bfb8d8205042c6df63d"
  version = "v0.8.0"

[[projects]]
  name = "github.com/sirupsen/logrus"
  packages = ["."]
  revision = "3e01752db0189b9157070a0e1668a620f9a85da2"
  version = "v1.0.6"

[[projects]]
  branch = "master"
  name = "golang.org/x/crypto"
  packages = ["ssh/terminal"]
  revision = "0709b304e793a5edb4a2c0145f281ecdc20838a4"

[[projects]]
  branch = "master"
  name = "golang.org/x/sys"
  packages = [
    "unix",
    "windows"
  ]
  revision = "d0be0721c37eeb5299f245a996a483160fc36940"

[[projects]]
  name = "google.golang.org/appengine"
  packages = ["cloudsql"]
  revision = "b1f26356af11148e710935ed1ac8a7f5702c7612"
  version = "v1.1.0"

[[projects]]
  name = "gopkg.in/alecthomas/kingpin.v2"
  packages = ["."]
  revision = "947dcec5ba9c011838740e680966fd7087a71d0d"
  version = "v2.2.6"

[solve-meta]
  analyzer-name = "dep"
  analyzer-version = 1
  inputs-digest = "2c2fd1aa913bfca3c44d61530b6d12610bc4aef0ff9ced3b763ae0150237dd71"
  solver-name = "gps-cdcl"
  solver-version = 1
